
Microsoft Visual Studio Solution File, Format Version 12.00
# Visual Studio Version 16
VisualStudioVersion = 16.0.30413.136
MinimumVisualStudioVersion = 10.0.40219.1
Project("{9A19103F-16F7-4668-BE54-9A1E7A4F7556}") = "IDCard", "IDCard\IDCard.csproj", "{E9B0E360-165F-4503-9991-C9650E8C6D11}"
EndProject
Project("{FAE04EC0-301F-11D3-BF4B-00C04F79EFBC}") = "IDCardTests", "IDCardTests\IDCardTests.csproj", "{C9AD38B4-BF1D-4CBE-A023-DFC90E2BE32C}"
EndProject
Global
	GlobalSection(SolutionConfigurationPlatforms) = preSolution
		Debug|Any CPU = Debug|Any CPU
		Release|Any CPU = Release|Any CPU
	EndGlobalSection
	GlobalSection(ProjectConfigurationPlatforms) = postSolution
		{E9B0E360-165F-4503-9991-C9650E8C6D11}.Debug|Any CPU.ActiveCfg = Debug|Any CPU
		{E9B0E360-165F-4503-9991-C9650E8C6D11}.Debug|Any CPU.Build.0 = Debug|Any CPU
		{E9B0E360-165F-4503-9991-C9650E8C6D11}.Release|Any CPU.ActiveCfg = Release|Any CPU
		{E9B0E360-165F-4503-9991-C9650E8C6D11}.Release|Any CPU.Build.0 = Release|Any CPU
		{C9AD38B4-BF1D-4CBE-A023-DFC90E2BE32C}.Debug|Any CPU.ActiveCfg = Debug|Any CPU
		{C9AD38B4-BF1D-4CBE-A023-DFC90E2BE32C}.Debug|Any CPU.Build.0 = Debug|Any CPU
		{C9AD38B4-BF1D-4CBE-A023-DFC90E2BE32C}.Release|Any CPU.ActiveCfg = Release|Any CPU
		{C9AD38B4-BF1D-4CBE-A023-DFC90E2BE32C}.Release|Any CPU.Build.0 = Release|Any CPU
	EndGlobalSection
	GlobalSection(SolutionProperties) = preSolution
		HideSolutionNode = FALSE
	EndGlobalSection
	GlobalSection(ExtensibilityGlobals) = postSolution
		SolutionGuid = {CCABE1AE-CFF8-4140-8BA0-24CCA315E1A2}
	EndGlobalSection
EndGlobal
